
Microsoft Visual Studio Solution File, Format Version 12.00
# Visual Studio Version 16
VisualStudioVersion = 16.0.32428.217
MinimumVisualStudioVersion = 10.0.40219.1
Project("{F184B08F-C81C-45F6-A57F-5ABD9991F28F}") = "Kel7_Project", "Kel7_Project\Kel7_Project.vbproj", "{30C65DCA-1429-49DF-B943-8C80C4997C4C}"
EndProject
Global
	GlobalSection(SolutionConfigurationPlatforms) = preSolution
		Debug|Any CPU = Debug|Any CPU
		Release|Any CPU = Release|Any CPU
	EndGlobalSection
	GlobalSection(ProjectConfigurationPlatforms) = postSolution
		{30C65DCA-1429-49DF-B943-8C80C4997C4C}.Debug|Any CPU.ActiveCfg = Debug|Any CPU
		{30C65DCA-1429-49DF-B943-8C80C4997C4C}.Debug|Any CPU.Build.0 = Debug|Any CPU
		{30C65DCA-1429-49DF-B943-8C80C4997C4C}.Release|Any CPU.ActiveCfg = Release|Any CPU
		{30C65DCA-1429-49DF-B943-8C80C4997C4C}.Release|Any CPU.Build.0 = Release|Any CPU
	EndGlobalSection
	GlobalSection(SolutionProperties) = preSolution
		HideSolutionNode = FALSE
	EndGlobalSection
	GlobalSection(ExtensibilityGlobals) = postSolution
		SolutionGuid = {71F8AF39-4482-4AE7-9FF0-E3297C7560F4}
	EndGlobalSection
EndGlobal
